
Microsoft Visual Studio Solution File, Format Version 12.00
# Visual Studio Version 17
VisualStudioVersion = 17.8.34330.188
MinimumVisualStudioVersion = 10.0.40219.1
Project("{9A19103F-16F7-4668-BE54-9A1E7A4F7556}") = "Rhythm.Drop.Umbraco", "Rhythm.Drop.Umbraco\Rhythm.Drop.Umbraco.csproj", "{086DBB74-63A7-4DD8-BA53-C304486D3EDB}"
EndProject
Project("{2150E333-8FDC-42A3-9474-1A3956D46DE8}") = "Solution Items", "Solution Items", "{813DE546-08C1-402B-9E87-9E512F4D8582}"
	ProjectSection(SolutionItems) = preProject
		Directory.Build.props = Directory.Build.props
	EndProjectSection
EndProject
Project("{9A19103F-16F7-4668-BE54-9A1E7A4F7556}") = "Rhythm.Drop.Umbraco.Web", "Rhythm.Drop.Umbraco.Web\Rhythm.Drop.Umbraco.Web.csproj", "{F85CC003-26D8-447B-A2B8-2AFCC15E8197}"
EndProject
Project("{9A19103F-16F7-4668-BE54-9A1E7A4F7556}") = "Rhythm.Drop.Umbraco.Builders", "Rhythm.Drop.Umbraco.Builders\Rhythm.Drop.Umbraco.Builders.csproj", "{27751D7D-D571-48BD-9510-B04C5DD45ECF}"
EndProject
Project("{FAE04EC0-301F-11D3-BF4B-00C04F79EFBC}") = "Rhythm.Drop.Umbraco.Mapping", "Rhythm.Drop.Umbraco.Mapping\Rhythm.Drop.Umbraco.Mapping.csproj", "{51F3058A-C0AC-402D-A5A7-BF5B6C3A2A5F}"
EndProject
Global
	GlobalSection(SolutionConfigurationPlatforms) = preSolution
		Debug|Any CPU = Debug|Any CPU
		Release|Any CPU = Release|Any CPU
	EndGlobalSection
	GlobalSection(ProjectConfigurationPlatforms) = postSolution
		{086DBB74-63A7-4DD8-BA53-C304486D3EDB}.Debug|Any CPU.ActiveCfg = Debug|Any CPU
		{086DBB74-63A7-4DD8-BA53-C304486D3EDB}.Debug|Any CPU.Build.0 = Debug|Any CPU
		{086DBB74-63A7-4DD8-BA53-C304486D3EDB}.Release|Any CPU.ActiveCfg = Release|Any CPU
		{086DBB74-63A7-4DD8-BA53-C304486D3EDB}.Release|Any CPU.Build.0 = Release|Any CPU
		{F85CC003-26D8-447B-A2B8-2AFCC15E8197}.Debug|Any CPU.ActiveCfg = Debug|Any CPU
		{F85CC003-26D8-447B-A2B8-2AFCC15E8197}.Debug|Any CPU.Build.0 = Debug|Any CPU
		{F85CC003-26D8-447B-A2B8-2AFCC15E8197}.Release|Any CPU.ActiveCfg = Release|Any CPU
		{F85CC003-26D8-447B-A2B8-2AFCC15E8197}.Release|Any CPU.Build.0 = Release|Any CPU
		{27751D7D-D571-48BD-9510-B04C5DD45ECF}.Debug|Any CPU.ActiveCfg = Debug|Any CPU
		{27751D7D-D571-48BD-9510-B04C5DD45ECF}.Debug|Any CPU.Build.0 = Debug|Any CPU
		{27751D7D-D571-48BD-9510-B04C5DD45ECF}.Release|Any CPU.ActiveCfg = Release|Any CPU
		{27751D7D-D571-48BD-9510-B04C5DD45ECF}.Release|Any CPU.Build.0 = Release|Any CPU
		{51F3058A-C0AC-402D-A5A7-BF5B6C3A2A5F}.Debug|Any CPU.ActiveCfg = Debug|Any CPU
		{51F3058A-C0AC-402D-A5A7-BF5B6C3A2A5F}.Debug|Any CPU.Build.0 = Debug|Any CPU
		{51F3058A-C0AC-402D-A5A7-BF5B6C3A2A5F}.Release|Any CPU.ActiveCfg = Release|Any CPU
		{51F3058A-C0AC-402D-A5A7-BF5B6C3A2A5F}.Release|Any CPU.Build.0 = Release|Any CPU
	EndGlobalSection
	GlobalSection(SolutionProperties) = preSolution
		HideSolutionNode = FALSE
	EndGlobalSection
	GlobalSection(ExtensibilityGlobals) = postSolution
		SolutionGuid = {B9CB186C-02E7-4CC1-8248-2D6F10E5F22E}
	EndGlobalSection
EndGlobal
